
Microsoft Visual Studio Solution File, Format Version 12.00
# Visual Studio Version 17
VisualStudioVersion = 17.14.36429.23 d17.14
MinimumVisualStudioVersion = 10.0.40219.1
Project("{FAE04EC0-301F-11D3-BF4B-00C04F79EFBC}") = "WinFormsApp37", "WinFormsApp37\WinFormsApp37.csproj", "{06777AA5-797E-4AA5-A4A0-7A8E8E8A7DEE}"
EndProject
Global
	GlobalSection(SolutionConfigurationPlatforms) = preSolution
		Debug|Any CPU = Debug|Any CPU
		Release|Any CPU = Release|Any CPU
	EndGlobalSection
	GlobalSection(ProjectConfigurationPlatforms) = postSolution
		{06777AA5-797E-4AA5-A4A0-7A8E8E8A7DEE}.Debug|Any CPU.ActiveCfg = Debug|Any CPU
		{06777AA5-797E-4AA5-A4A0-7A8E8E8A7DEE}.Debug|Any CPU.Build.0 = Debug|Any CPU
		{06777AA5-797E-4AA5-A4A0-7A8E8E8A7DEE}.Release|Any CPU.ActiveCfg = Release|Any CPU
		{06777AA5-797E-4AA5-A4A0-7A8E8E8A7DEE}.Release|Any CPU.Build.0 = Release|Any CPU
	EndGlobalSection
	GlobalSection(SolutionProperties) = preSolution
		HideSolutionNode = FALSE
	EndGlobalSection
	GlobalSection(ExtensibilityGlobals) = postSolution
		SolutionGuid = {784F8626-6319-485B-BB09-C12B5613CB27}
	EndGlobalSection
EndGlobal
